
Microsoft Visual Studio Solution File, Format Version 12.00
# Visual Studio Version 16
VisualStudioVersion = 16.0.810.11
MinimumVisualStudioVersion = 10.0.40219.1
Project("{FAE04EC0-301F-11D3-BF4B-00C04F79EFBC}") = "IPara.DeveloperPortal.Core", "IPara.DeveloperPortal.Core\IPara.DeveloperPortal.Core.csproj", "{94F1530B-AEC4-4DFA-8A42-5E87DFB07246}"
EndProject
Project("{FAE04EC0-301F-11D3-BF4B-00C04F79EFBC}") = "IPara.DeveloperPortal.WebSamples", "IPara.DeveloperPortal.WebSamples\IPara.DeveloperPortal.WebSamples.csproj", "{94B0945B-AE3F-447C-8CA5-F967423CEF29}"
EndProject
Global
	GlobalSection(SolutionConfigurationPlatforms) = preSolution
		Debug|Any CPU = Debug|Any CPU
		Release|Any CPU = Release|Any CPU
	EndGlobalSection
	GlobalSection(ProjectConfigurationPlatforms) = postSolution
		{94F1530B-AEC4-4DFA-8A42-5E87DFB07246}.Debug|Any CPU.ActiveCfg = Debug|Any CPU
		{94F1530B-AEC4-4DFA-8A42-5E87DFB07246}.Debug|Any CPU.Build.0 = Debug|Any CPU
		{94F1530B-AEC4-4DFA-8A42-5E87DFB07246}.Release|Any CPU.ActiveCfg = Release|Any CPU
		{94F1530B-AEC4-4DFA-8A42-5E87DFB07246}.Release|Any CPU.Build.0 = Release|Any CPU
		{94B0945B-AE3F-447C-8CA5-F967423CEF29}.Debug|Any CPU.ActiveCfg = Debug|Any CPU
		{94B0945B-AE3F-447C-8CA5-F967423CEF29}.Debug|Any CPU.Build.0 = Debug|Any CPU
		{94B0945B-AE3F-447C-8CA5-F967423CEF29}.Release|Any CPU.ActiveCfg = Release|Any CPU
		{94B0945B-AE3F-447C-8CA5-F967423CEF29}.Release|Any CPU.Build.0 = Release|Any CPU
	EndGlobalSection
	GlobalSection(SolutionProperties) = preSolution
		HideSolutionNode = FALSE
	EndGlobalSection
	GlobalSection(ExtensibilityGlobals) = postSolution
		SolutionGuid = {DD07BBE0-9F71-484B-B5C2-900F6AE0EB70}
	EndGlobalSection
EndGlobal
